
Microsoft Visual Studio Solution File, Format Version 12.00
# Visual Studio Version 17
VisualStudioVersion = 17.5.33516.290
MinimumVisualStudioVersion = 10.0.40219.1
Project("{FAE04EC0-301F-11D3-BF4B-00C04F79EFBC}") = "Estudiantes.Model", "Estudiantes.Model\Estudiantes.Model.csproj", "{84F75AFB-D745-4E5A-A41B-3588EF90E5E7}"
EndProject
Project("{FAE04EC0-301F-11D3-BF4B-00C04F79EFBC}") = "Estudiantes.ViewModel", "Estudiantes.ViewModel\Estudiantes.ViewModel.csproj", "{BBC3D9F8-C0D7-4EBE-A0BC-081FBC2C10EA}"
EndProject
Project("{FAE04EC0-301F-11D3-BF4B-00C04F79EFBC}") = "Estudiantes.View", "Estudiantes.View\Estudiantes.View.csproj", "{FFF841B2-5628-431A-8E94-3F87FC18A446}"
EndProject
Global
	GlobalSection(SolutionConfigurationPlatforms) = preSolution
		Debug|Any CPU = Debug|Any CPU
		Release|Any CPU = Release|Any CPU
	EndGlobalSection
	GlobalSection(ProjectConfigurationPlatforms) = postSolution
		{84F75AFB-D745-4E5A-A41B-3588EF90E5E7}.Debug|Any CPU.ActiveCfg = Debug|Any CPU
		{84F75AFB-D745-4E5A-A41B-3588EF90E5E7}.Debug|Any CPU.Build.0 = Debug|Any CPU
		{84F75AFB-D745-4E5A-A41B-3588EF90E5E7}.Release|Any CPU.ActiveCfg = Release|Any CPU
		{84F75AFB-D745-4E5A-A41B-3588EF90E5E7}.Release|Any CPU.Build.0 = Release|Any CPU
		{BBC3D9F8-C0D7-4EBE-A0BC-081FBC2C10EA}.Debug|Any CPU.ActiveCfg = Debug|Any CPU
		{BBC3D9F8-C0D7-4EBE-A0BC-081FBC2C10EA}.Debug|Any CPU.Build.0 = Debug|Any CPU
		{BBC3D9F8-C0D7-4EBE-A0BC-081FBC2C10EA}.Release|Any CPU.ActiveCfg = Release|Any CPU
		{BBC3D9F8-C0D7-4EBE-A0BC-081FBC2C10EA}.Release|Any CPU.Build.0 = Release|Any CPU
		{FFF841B2-5628-431A-8E94-3F87FC18A446}.Debug|Any CPU.ActiveCfg = Debug|Any CPU
		{FFF841B2-5628-431A-8E94-3F87FC18A446}.Debug|Any CPU.Build.0 = Debug|Any CPU
		{FFF841B2-5628-431A-8E94-3F87FC18A446}.Release|Any CPU.ActiveCfg = Release|Any CPU
		{FFF841B2-5628-431A-8E94-3F87FC18A446}.Release|Any CPU.Build.0 = Release|Any CPU
	EndGlobalSection
	GlobalSection(SolutionProperties) = preSolution
		HideSolutionNode = FALSE
	EndGlobalSection
	GlobalSection(ExtensibilityGlobals) = postSolution
		SolutionGuid = {F24111B9-4FC2-4424-A37A-804A1EC18440}
	EndGlobalSection
EndGlobal
